
Microsoft Visual Studio Solution File, Format Version 12.00
# Visual Studio Version 17
VisualStudioVersion = 17.2.32516.85
MinimumVisualStudioVersion = 10.0.40219.1
Project("{FAE04EC0-301F-11D3-BF4B-00C04F79EFBC}") = "Day2Problem2", "Day2Problem2.csproj", "{87C3E24F-99B4-4865-92BA-9D4E0ED14BD9}"
EndProject
Global
	GlobalSection(SolutionConfigurationPlatforms) = preSolution
		Debug|Any CPU = Debug|Any CPU
		Release|Any CPU = Release|Any CPU
	EndGlobalSection
	GlobalSection(ProjectConfigurationPlatforms) = postSolution
		{87C3E24F-99B4-4865-92BA-9D4E0ED14BD9}.Debug|Any CPU.ActiveCfg = Debug|Any CPU
		{87C3E24F-99B4-4865-92BA-9D4E0ED14BD9}.Debug|Any CPU.Build.0 = Debug|Any CPU
		{87C3E24F-99B4-4865-92BA-9D4E0ED14BD9}.Release|Any CPU.ActiveCfg = Release|Any CPU
		{87C3E24F-99B4-4865-92BA-9D4E0ED14BD9}.Release|Any CPU.Build.0 = Release|Any CPU
	EndGlobalSection
	GlobalSection(SolutionProperties) = preSolution
		HideSolutionNode = FALSE
	EndGlobalSection
	GlobalSection(ExtensibilityGlobals) = postSolution
		SolutionGuid = {E876FF65-3D68-4363-AD10-BA63EA74E74F}
	EndGlobalSection
EndGlobal
